
Microsoft Visual Studio Solution File, Format Version 12.00
# Visual Studio Version 17
VisualStudioVersion = 17.5.002.0
MinimumVisualStudioVersion = 10.0.40219.1
Project("{9A19103F-16F7-4668-BE54-9A1E7A4F7556}") = "HangmanGame", "HangmanGame.csproj", "{0AD3D710-05F8-4169-9964-33551B02BC44}"
EndProject
Global
	GlobalSection(SolutionConfigurationPlatforms) = preSolution
		Debug|Any CPU = Debug|Any CPU
		Release|Any CPU = Release|Any CPU
	EndGlobalSection
	GlobalSection(ProjectConfigurationPlatforms) = postSolution
		{0AD3D710-05F8-4169-9964-33551B02BC44}.Debug|Any CPU.ActiveCfg = Debug|Any CPU
		{0AD3D710-05F8-4169-9964-33551B02BC44}.Debug|Any CPU.Build.0 = Debug|Any CPU
		{0AD3D710-05F8-4169-9964-33551B02BC44}.Release|Any CPU.ActiveCfg = Release|Any CPU
		{0AD3D710-05F8-4169-9964-33551B02BC44}.Release|Any CPU.Build.0 = Release|Any CPU
	EndGlobalSection
	GlobalSection(SolutionProperties) = preSolution
		HideSolutionNode = FALSE
	EndGlobalSection
	GlobalSection(ExtensibilityGlobals) = postSolution
		SolutionGuid = {516D119E-E272-431F-81AC-A1B434B600C0}
	EndGlobalSection
EndGlobal
